
Microsoft Visual Studio Solution File, Format Version 12.00
# Visual Studio Version 17
VisualStudioVersion = 17.3.32901.215
MinimumVisualStudioVersion = 10.0.40219.1
Project("{8BC9CEB8-8B4A-11D0-8D11-00A0C91BC942}") = "YunuDX11Renderer", "YunuDX11Renderer\YunuDX11Renderer.vcxproj", "{99372730-61F3-41DE-9C24-E49D0F9366E9}"
	ProjectSection(ProjectDependencies) = postProject
		{902A53CA-B44B-448D-8DFE-1AFE04D2756F} = {902A53CA-B44B-448D-8DFE-1AFE04D2756F}
	EndProjectSection
EndProject
Project("{8BC9CEB8-8B4A-11D0-8D11-00A0C91BC942}") = "Yunu3DLib", "Yunu3DLib\Yunu3DLib.vcxproj", "{902A53CA-B44B-448D-8DFE-1AFE04D2756F}"
EndProject
Project("{8BC9CEB8-8B4A-11D0-8D11-00A0C91BC942}") = "Yunuty", "Yunuty\Yunuty.vcxproj", "{60308F48-95FA-432C-849D-B74BE6CCCE60}"
	ProjectSection(ProjectDependencies) = postProject
		{614C4D2C-201C-4767-9507-79734AD63F4B} = {614C4D2C-201C-4767-9507-79734AD63F4B}
	EndProjectSection
EndProject
Project("{8BC9CEB8-8B4A-11D0-8D11-00A0C91BC942}") = "Yunu3DGraphicsInterface", "Yunu3DGraphicsInterface\Yunu3DGraphicsEngine.vcxproj", "{9E096B24-E24D-4BFC-9A4D-64C93013BC39}"
EndProject
Project("{8BC9CEB8-8B4A-11D0-8D11-00A0C91BC942}") = "YunutyEngineDemo", "YunutyEngineDemo\YunutyEditor.vcxproj", "{9F316E83-5AE5-4939-A723-305A94F48005}"
	ProjectSection(ProjectDependencies) = postProject
		{60308F48-95FA-432C-849D-B74BE6CCCE60} = {60308F48-95FA-432C-849D-B74BE6CCCE60}
		{614C4D2C-201C-4767-9507-79734AD63F4B} = {614C4D2C-201C-4767-9507-79734AD63F4B}
	EndProjectSection
EndProject
Project("{8BC9CEB8-8B4A-11D0-8D11-00A0C91BC942}") = "YunutyEditor", "YunutyEngineEditor\GameEngineEditor.vcxproj", "{C5B07A85-84B5-4B52-BCCF-1546ADDCB9F5}"
	ProjectSection(ProjectDependencies) = postProject
		{60308F48-95FA-432C-849D-B74BE6CCCE60} = {60308F48-95FA-432C-849D-B74BE6CCCE60}
		{614C4D2C-201C-4767-9507-79734AD63F4B} = {614C4D2C-201C-4767-9507-79734AD63F4B}
	EndProjectSection
EndProject
Project("{8BC9CEB8-8B4A-11D0-8D11-00A0C91BC942}") = "JsonTestProject", "JsonTestProject\JsonTestProject.vcxproj", "{5E91E251-73A4-4783-8D67-DC193FA75FB8}"
EndProject
Project("{8BC9CEB8-8B4A-11D0-8D11-00A0C91BC942}") = "MZDX11Renderer", "MZDX11Renderer\MZDX11Renderer.vcxproj", "{614C4D2C-201C-4767-9507-79734AD63F4B}"
	ProjectSection(ProjectDependencies) = postProject
		{D12CCAD3-1057-4D9C-9487-34676BE37033} = {D12CCAD3-1057-4D9C-9487-34676BE37033}
	EndProjectSection
EndProject
Project("{8BC9CEB8-8B4A-11D0-8D11-00A0C91BC942}") = "MZParser", "MZParser\MZParser.vcxproj", "{D12CCAD3-1057-4D9C-9487-34676BE37033}"
EndProject
Project("{8BC9CEB8-8B4A-11D0-8D11-00A0C91BC942}") = "MZEngine", "MZEngine\MZEngine.vcxproj", "{CADB65FD-E97A-42E5-B3C9-5CDC9217DE9B}"
	ProjectSection(ProjectDependencies) = postProject
		{614C4D2C-201C-4767-9507-79734AD63F4B} = {614C4D2C-201C-4767-9507-79734AD63F4B}
	EndProjectSection
EndProject
Project("{8BC9CEB8-8B4A-11D0-8D11-00A0C91BC942}") = "XLParticleSystem", "XLParticleSystem\XLParticleSystem.vcxproj", "{D7FD9C49-35BB-47D8-BA95-43FD1116B87B}"
EndProject
Project("{8BC9CEB8-8B4A-11D0-8D11-00A0C91BC942}") = "YunutyEX", "YunutyEX\YunutyEX.vcxproj", "{CF298CB5-433A-4830-9E1A-0AF41CC4C43E}"
EndProject
Global
	GlobalSection(SolutionConfigurationPlatforms) = preSolution
		Debug|x64 = Debug|x64
		Debug|x86 = Debug|x86
		Dist|x64 = Dist|x64
		Dist|x86 = Dist|x86
		Release|x64 = Release|x64
		Release|x86 = Release|x86
	EndGlobalSection
	GlobalSection(ProjectConfigurationPlatforms) = postSolution
		{99372730-61F3-41DE-9C24-E49D0F9366E9}.Debug|x64.ActiveCfg = Debug|x64
		{99372730-61F3-41DE-9C24-E49D0F9366E9}.Debug|x64.Build.0 = Debug|x64
		{99372730-61F3-41DE-9C24-E49D0F9366E9}.Debug|x86.ActiveCfg = Debug|Win32
		{99372730-61F3-41DE-9C24-E49D0F9366E9}.Debug|x86.Build.0 = Debug|Win32
		{99372730-61F3-41DE-9C24-E49D0F9366E9}.Dist|x64.ActiveCfg = Debug|x64
		{99372730-61F3-41DE-9C24-E49D0F9366E9}.Dist|x64.Build.0 = Debug|x64
		{99372730-61F3-41DE-9C24-E49D0F9366E9}.Dist|x86.ActiveCfg = Debug|Win32
		{99372730-61F3-41DE-9C24-E49D0F9366E9}.Dist|x86.Build.0 = Debug|Win32
		{99372730-61F3-41DE-9C24-E49D0F9366E9}.Release|x64.ActiveCfg = Release|x64
		{99372730-61F3-41DE-9C24-E49D0F9366E9}.Release|x64.Build.0 = Release|x64
		{99372730-61F3-41DE-9C24-E49D0F9366E9}.Release|x86.ActiveCfg = Release|Win32
		{99372730-61F3-41DE-9C24-E49D0F9366E9}.Release|x86.Build.0 = Release|Win32
		{902A53CA-B44B-448D-8DFE-1AFE04D2756F}.Debug|x64.ActiveCfg = Debug|x64
		{902A53CA-B44B-448D-8DFE-1AFE04D2756F}.Debug|x64.Build.0 = Debug|x64
		{902A53CA-B44B-448D-8DFE-1AFE04D2756F}.Debug|x86.ActiveCfg = Debug|Win32
		{902A53CA-B44B-448D-8DFE-1AFE04D2756F}.Debug|x86.Build.0 = Debug|Win32
		{902A53CA-B44B-448D-8DFE-1AFE04D2756F}.Dist|x64.ActiveCfg = Debug|x64
		{902A53CA-B44B-448D-8DFE-1AFE04D2756F}.Dist|x64.Build.0 = Debug|x64
		{902A53CA-B44B-448D-8DFE-1AFE04D2756F}.Dist|x86.ActiveCfg = Debug|Win32
		{902A53CA-B44B-448D-8DFE-1AFE04D2756F}.Dist|x86.Build.0 = Debug|Win32
		{902A53CA-B44B-448D-8DFE-1AFE04D2756F}.Release|x64.ActiveCfg = Release|x64
		{902A53CA-B44B-448D-8DFE-1AFE04D2756F}.Release|x64.Build.0 = Release|x64
		{902A53CA-B44B-448D-8DFE-1AFE04D2756F}.Release|x86.ActiveCfg = Release|Win32
		{902A53CA-B44B-448D-8DFE-1AFE04D2756F}.Release|x86.Build.0 = Release|Win32
		{60308F48-95FA-432C-849D-B74BE6CCCE60}.Debug|x64.ActiveCfg = Debug|x64
		{60308F48-95FA-432C-849D-B74BE6CCCE60}.Debug|x64.Build.0 = Debug|x64
		{60308F48-95FA-432C-849D-B74BE6CCCE60}.Debug|x86.ActiveCfg = Debug|Win32
		{60308F48-95FA-432C-849D-B74BE6CCCE60}.Debug|x86.Build.0 = Debug|Win32
		{60308F48-95FA-432C-849D-B74BE6CCCE60}.Dist|x64.ActiveCfg = Debug|x64
		{60308F48-95FA-432C-849D-B74BE6CCCE60}.Dist|x64.Build.0 = Debug|x64
		{60308F48-95FA-432C-849D-B74BE6CCCE60}.Dist|x86.ActiveCfg = Debug|Win32
		{60308F48-95FA-432C-849D-B74BE6CCCE60}.Dist|x86.Build.0 = Debug|Win32
		{60308F48-95FA-432C-849D-B74BE6CCCE60}.Release|x64.ActiveCfg = Release|x64
		{60308F48-95FA-432C-849D-B74BE6CCCE60}.Release|x64.Build.0 = Release|x64
		{60308F48-95FA-432C-849D-B74BE6CCCE60}.Release|x86.ActiveCfg = Release|Win32
		{60308F48-95FA-432C-849D-B74BE6CCCE60}.Release|x86.Build.0 = Release|Win32
		{9E096B24-E24D-4BFC-9A4D-64C93013BC39}.Debug|x64.ActiveCfg = Debug|x64
		{9E096B24-E24D-4BFC-9A4D-64C93013BC39}.Debug|x64.Build.0 = Debug|x64
		{9E096B24-E24D-4BFC-9A4D-64C93013BC39}.Debug|x86.ActiveCfg = Debug|Win32
		{9E096B24-E24D-4BFC-9A4D-64C93013BC39}.Debug|x86.Build.0 = Debug|Win32
		{9E096B24-E24D-4BFC-9A4D-64C93013BC39}.Dist|x64.ActiveCfg = Debug|x64
		{9E096B24-E24D-4BFC-9A4D-64C93013BC39}.Dist|x64.Build.0 = Debug|x64
		{9E096B24-E24D-4BFC-9A4D-64C93013BC39}.Dist|x86.ActiveCfg = Debug|Win32
		{9E096B24-E24D-4BFC-9A4D-64C93013BC39}.Dist|x86.Build.0 = Debug|Win32
		{9E096B24-E24D-4BFC-9A4D-64C93013BC39}.Release|x64.ActiveCfg = Release|x64
		{9E096B24-E24D-4BFC-9A4D-64C93013BC39}.Release|x64.Build.0 = Release|x64
		{9E096B24-E24D-4BFC-9A4D-64C93013BC39}.Release|x86.ActiveCfg = Release|Win32
		{9E096B24-E24D-4BFC-9A4D-64C93013BC39}.Release|x86.Build.0 = Release|Win32
		{9F316E83-5AE5-4939-A723-305A94F48005}.Debug|x64.ActiveCfg = Debug|x64
		{9F316E83-5AE5-4939-A723-305A94F48005}.Debug|x64.Build.0 = Debug|x64
		{9F316E83-5AE5-4939-A723-305A94F48005}.Debug|x86.ActiveCfg = Debug|Win32
		{9F316E83-5AE5-4939-A723-305A94F48005}.Debug|x86.Build.0 = Debug|Win32
		{9F316E83-5AE5-4939-A723-305A94F48005}.Dist|x64.ActiveCfg = Debug|x64
		{9F316E83-5AE5-4939-A723-305A94F48005}.Dist|x64.Build.0 = Debug|x64
		{9F316E83-5AE5-4939-A723-305A94F48005}.Dist|x86.ActiveCfg = Debug|Win32
		{9F316E83-5AE5-4939-A723-305A94F48005}.Dist|x86.Build.0 = Debug|Win32
		{9F316E83-5AE5-4939-A723-305A94F48005}.Release|x64.ActiveCfg = Release|x64
		{9F316E83-5AE5-4939-A723-305A94F48005}.Release|x64.Build.0 = Release|x64
		{9F316E83-5AE5-4939-A723-305A94F48005}.Release|x86.ActiveCfg = Release|Win32
		{9F316E83-5AE5-4939-A723-305A94F48005}.Release|x86.Build.0 = Release|Win32
		{C5B07A85-84B5-4B52-BCCF-1546ADDCB9F5}.Debug|x64.ActiveCfg = Debug|x64
		{C5B07A85-84B5-4B52-BCCF-1546ADDCB9F5}.Debug|x64.Build.0 = Debug|x64
		{C5B07A85-84B5-4B52-BCCF-1546ADDCB9F5}.Debug|x86.ActiveCfg = Debug|Win32
		{C5B07A85-84B5-4B52-BCCF-1546ADDCB9F5}.Debug|x86.Build.0 = Debug|Win32
		{C5B07A85-84B5-4B52-BCCF-1546ADDCB9F5}.Dist|x64.ActiveCfg = Debug|x64
		{C5B07A85-84B5-4B52-BCCF-1546ADDCB9F5}.Dist|x64.Build.0 = Debug|x64
		{C5B07A85-84B5-4B52-BCCF-1546ADDCB9F5}.Dist|x86.ActiveCfg = Debug|Win32
		{C5B07A85-84B5-4B52-BCCF-1546ADDCB9F5}.Dist|x86.Build.0 = Debug|Win32
		{C5B07A85-84B5-4B52-BCCF-1546ADDCB9F5}.Release|x64.ActiveCfg = Release|x64
		{C5B07A85-84B5-4B52-BCCF-1546ADDCB9F5}.Release|x64.Build.0 = Release|x64
		{C5B07A85-84B5-4B52-BCCF-1546ADDCB9F5}.Release|x86.ActiveCfg = Release|Win32
		{C5B07A85-84B5-4B52-BCCF-1546ADDCB9F5}.Release|x86.Build.0 = Release|Win32
		{5E91E251-73A4-4783-8D67-DC193FA75FB8}.Debug|x64.ActiveCfg = Debug|x64
		{5E91E251-73A4-4783-8D67-DC193FA75FB8}.Debug|x64.Build.0 = Debug|x64
		{5E91E251-73A4-4783-8D67-DC193FA75FB8}.Debug|x86.ActiveCfg = Debug|Win32
		{5E91E251-73A4-4783-8D67-DC193FA75FB8}.Debug|x86.Build.0 = Debug|Win32
		{5E91E251-73A4-4783-8D67-DC193FA75FB8}.Dist|x64.ActiveCfg = Debug|x64
		{5E91E251-73A4-4783-8D67-DC193FA75FB8}.Dist|x64.Build.0 = Debug|x64
		{5E91E251-73A4-4783-8D67-DC193FA75FB8}.Dist|x86.ActiveCfg = Debug|Win32
		{5E91E251-73A4-4783-8D67-DC193FA75FB8}.Dist|x86.Build.0 = Debug|Win32
		{5E91E251-73A4-4783-8D67-DC193FA75FB8}.Release|x64.ActiveCfg = Release|x64
		{5E91E251-73A4-4783-8D67-DC193FA75FB8}.Release|x64.Build.0 = Release|x64
		{5E91E251-73A4-4783-8D67-DC193FA75FB8}.Release|x86.ActiveCfg = Release|Win32
		{5E91E251-73A4-4783-8D67-DC193FA75FB8}.Release|x86.Build.0 = Release|Win32
		{614C4D2C-201C-4767-9507-79734AD63F4B}.Debug|x64.ActiveCfg = Debug|x64
		{614C4D2C-201C-4767-9507-79734AD63F4B}.Debug|x64.Build.0 = Debug|x64
		{614C4D2C-201C-4767-9507-79734AD63F4B}.Debug|x86.ActiveCfg = Debug|Win32
		{614C4D2C-201C-4767-9507-79734AD63F4B}.Debug|x86.Build.0 = Debug|Win32
		{614C4D2C-201C-4767-9507-79734AD63F4B}.Dist|x64.ActiveCfg = Debug|x64
		{614C4D2C-201C-4767-9507-79734AD63F4B}.Dist|x64.Build.0 = Debug|x64
		{614C4D2C-201C-4767-9507-79734AD63F4B}.Dist|x86.ActiveCfg = Debug|Win32
		{614C4D2C-201C-4767-9507-79734AD63F4B}.Dist|x86.Build.0 = Debug|Win32
		{614C4D2C-201C-4767-9507-79734AD63F4B}.Release|x64.ActiveCfg = Release|x64
		{614C4D2C-201C-4767-9507-79734AD63F4B}.Release|x64.Build.0 = Release|x64
		{614C4D2C-201C-4767-9507-79734AD63F4B}.Release|x86.ActiveCfg = Release|Win32
		{614C4D2C-201C-4767-9507-79734AD63F4B}.Release|x86.Build.0 = Release|Win32
		{D12CCAD3-1057-4D9C-9487-34676BE37033}.Debug|x64.ActiveCfg = Debug|x64
		{D12CCAD3-1057-4D9C-9487-34676BE37033}.Debug|x64.Build.0 = Debug|x64
		{D12CCAD3-1057-4D9C-9487-34676BE37033}.Debug|x86.ActiveCfg = Debug|Win32
		{D12CCAD3-1057-4D9C-9487-34676BE37033}.Debug|x86.Build.0 = Debug|Win32
		{D12CCAD3-1057-4D9C-9487-34676BE37033}.Dist|x64.ActiveCfg = Debug|x64
		{D12CCAD3-1057-4D9C-9487-34676BE37033}.Dist|x64.Build.0 = Debug|x64
		{D12CCAD3-1057-4D9C-9487-34676BE37033}.Dist|x86.ActiveCfg = Debug|Win32
		{D12CCAD3-1057-4D9C-9487-34676BE37033}.Dist|x86.Build.0 = Debug|Win32
		{D12CCAD3-1057-4D9C-9487-34676BE37033}.Release|x64.ActiveCfg = Release|x64
		{D12CCAD3-1057-4D9C-9487-34676BE37033}.Release|x64.Build.0 = Release|x64
		{D12CCAD3-1057-4D9C-9487-34676BE37033}.Release|x86.ActiveCfg = Release|Win32
		{D12CCAD3-1057-4D9C-9487-34676BE37033}.Release|x86.Build.0 = Release|Win32
		{CADB65FD-E97A-42E5-B3C9-5CDC9217DE9B}.Debug|x64.ActiveCfg = Debug|x64
		{CADB65FD-E97A-42E5-B3C9-5CDC9217DE9B}.Debug|x64.Build.0 = Debug|x64
		{CADB65FD-E97A-42E5-B3C9-5CDC9217DE9B}.Debug|x86.ActiveCfg = Debug|Win32
		{CADB65FD-E97A-42E5-B3C9-5CDC9217DE9B}.Debug|x86.Build.0 = Debug|Win32
		{CADB65FD-E97A-42E5-B3C9-5CDC9217DE9B}.Dist|x64.ActiveCfg = Debug|x64
		{CADB65FD-E97A-42E5-B3C9-5CDC9217DE9B}.Dist|x64.Build.0 = Debug|x64
		{CADB65FD-E97A-42E5-B3C9-5CDC9217DE9B}.Dist|x86.ActiveCfg = Debug|Win32
		{CADB65FD-E97A-42E5-B3C9-5CDC9217DE9B}.Dist|x86.Build.0 = Debug|Win32
		{CADB65FD-E97A-42E5-B3C9-5CDC9217DE9B}.Release|x64.ActiveCfg = Release|x64
		{CADB65FD-E97A-42E5-B3C9-5CDC9217DE9B}.Release|x64.Build.0 = Release|x64
		{CADB65FD-E97A-42E5-B3C9-5CDC9217DE9B}.Release|x86.ActiveCfg = Release|Win32
		{CADB65FD-E97A-42E5-B3C9-5CDC9217DE9B}.Release|x86.Build.0 = Release|Win32
		{D7FD9C49-35BB-47D8-BA95-43FD1116B87B}.Debug|x64.ActiveCfg = Debug|x64
		{D7FD9C49-35BB-47D8-BA95-43FD1116B87B}.Debug|x64.Build.0 = Debug|x64
		{D7FD9C49-35BB-47D8-BA95-43FD1116B87B}.Debug|x86.ActiveCfg = Debug|Win32
		{D7FD9C49-35BB-47D8-BA95-43FD1116B87B}.Debug|x86.Build.0 = Debug|Win32
		{D7FD9C49-35BB-47D8-BA95-43FD1116B87B}.Dist|x64.ActiveCfg = Debug|x64
		{D7FD9C49-35BB-47D8-BA95-43FD1116B87B}.Dist|x64.Build.0 = Debug|x64
		{D7FD9C49-35BB-47D8-BA95-43FD1116B87B}.Dist|x86.ActiveCfg = Debug|Win32
		{D7FD9C49-35BB-47D8-BA95-43FD1116B87B}.Dist|x86.Build.0 = Debug|Win32
		{D7FD9C49-35BB-47D8-BA95-43FD1116B87B}.Release|x64.ActiveCfg = Release|x64
		{D7FD9C49-35BB-47D8-BA95-43FD1116B87B}.Release|x64.Build.0 = Release|x64
		{D7FD9C49-35BB-47D8-BA95-43FD1116B87B}.Release|x86.ActiveCfg = Release|Win32
		{D7FD9C49-35BB-47D8-BA95-43FD1116B87B}.Release|x86.Build.0 = Release|Win32
		{CF298CB5-433A-4830-9E1A-0AF41CC4C43E}.Debug|x64.ActiveCfg = Debug|x64
		{CF298CB5-433A-4830-9E1A-0AF41CC4C43E}.Debug|x64.Build.0 = Debug|x64
		{CF298CB5-433A-4830-9E1A-0AF41CC4C43E}.Debug|x86.ActiveCfg = Debug|Win32
		{CF298CB5-433A-4830-9E1A-0AF41CC4C43E}.Debug|x86.Build.0 = Debug|Win32
		{CF298CB5-433A-4830-9E1A-0AF41CC4C43E}.Dist|x64.ActiveCfg = Debug|x64
		{CF298CB5-433A-4830-9E1A-0AF41CC4C43E}.Dist|x64.Build.0 = Debug|x64
		{CF298CB5-433A-4830-9E1A-0AF41CC4C43E}.Dist|x86.ActiveCfg = Debug|Win32
		{CF298CB5-433A-4830-9E1A-0AF41CC4C43E}.Dist|x86.Build.0 = Debug|Win32
		{CF298CB5-433A-4830-9E1A-0AF41CC4C43E}.Release|x64.ActiveCfg = Release|x64
		{CF298CB5-433A-4830-9E1A-0AF41CC4C43E}.Release|x64.Build.0 = Release|x64
		{CF298CB5-433A-4830-9E1A-0AF41CC4C43E}.Release|x86.ActiveCfg = Release|Win32
		{CF298CB5-433A-4830-9E1A-0AF41CC4C43E}.Release|x86.Build.0 = Release|Win32
	EndGlobalSection
	GlobalSection(SolutionProperties) = preSolution
		HideSolutionNode = FALSE
	EndGlobalSection
	GlobalSection(ExtensibilityGlobals) = postSolution
		SolutionGuid = {38BC6C34-37A4-41E5-8E88-69FE9F319263}
	EndGlobalSection
EndGlobal
