<?xml version="1.0" encoding="utf-8"?>
<Project ToolsVersion="4.0" xmlns="http://schemas.microsoft.com/developer/msbuild/2003">
  <ItemGroup>
    <Filter Include="Util">
      <UniqueIdentifier>{0f69de03-2b8d-4516-90f2-80f82a006dd2}</UniqueIdentifier>
    </Filter>
    <Filter Include="Math">
      <UniqueIdentifier>{7d15cad3-f09e-4db4-964c-0eaff3fc6dd9}</UniqueIdentifier>
    </Filter>
    <Filter Include="Objects">
      <UniqueIdentifier>{1759284a-1f66-49c0-b826-998a3002318b}</UniqueIdentifier>
    </Filter>
    <Filter Include="Objects\Camera">
      <UniqueIdentifier>{b826338f-5479-43ef-9cc5-25e58ebf6dd0}</UniqueIdentifier>
    </Filter>
    <Filter Include="Objects\HelperObject">
      <UniqueIdentifier>{e69b59d4-4ae9-498d-8cb8-e68bf9a5fd13}</UniqueIdentifier>
    </Filter>
    <Filter Include="Objects\MeshObject">
      <UniqueIdentifier>{81008999-5c49-4eb4-807f-f2837182a83e}</UniqueIdentifier>
    </Filter>
    <Filter Include="Builder">
      <UniqueIdentifier>{1704174d-374f-495b-9627-7d27e3d2993b}</UniqueIdentifier>
    </Filter>
    <Filter Include="Factory">
      <UniqueIdentifier>{255796b9-f7ee-476c-964a-2a4d1114b1ba}</UniqueIdentifier>
    </Filter>
    <Filter Include="Shader">
      <UniqueIdentifier>{673dc7b1-fe90-42d4-b8c0-fda25fbf2b9b}</UniqueIdentifier>
    </Filter>
    <Filter Include="Header">
      <UniqueIdentifier>{26b39938-7d25-4921-88f8-a17e43f065b0}</UniqueIdentifier>
    </Filter>
    <Filter Include="Util\SourceFile">
      <UniqueIdentifier>{5a566342-7a8a-4ccd-8b9b-c9fe9273967d}</UniqueIdentifier>
    </Filter>
    <Filter Include="Util\HeaderFile">
      <UniqueIdentifier>{ceb138b5-e5a7-43e0-a522-de9656c87e2f}</UniqueIdentifier>
    </Filter>
    <Filter Include="Objects\Interface">
      <UniqueIdentifier>{c2a4cd6a-0c60-4391-a138-cfb3757ac5b0}</UniqueIdentifier>
    </Filter>
    <Filter Include="Objects\MeshObject\StaticMesh">
      <UniqueIdentifier>{caf6fc02-8d2c-4423-974d-b469d6ac8bbf}</UniqueIdentifier>
    </Filter>
    <Filter Include="Objects\MeshObject\SkinnedMesh">
      <UniqueIdentifier>{2ddf9037-1b44-444c-bfd9-747b752cec90}</UniqueIdentifier>
    </Filter>
    <Filter Include="Animation">
      <UniqueIdentifier>{df148319-e817-4fd5-b952-011861238e2b}</UniqueIdentifier>
    </Filter>
    <Filter Include="Yunu3DGIAdapter">
      <UniqueIdentifier>{1ce2d8fa-6974-4fe1-a559-1d432d1e8f2e}</UniqueIdentifier>
    </Filter>
    <Filter Include="Yunu3DGIAdapter\Yunu3DRendererAdapter">
      <UniqueIdentifier>{33da1465-f861-43fc-892e-bb5ec6e351f3}</UniqueIdentifier>
    </Filter>
    <Filter Include="Yunu3DGIAdapter\YunuGIAdapter">
      <UniqueIdentifier>{fdc20601-58e0-4fa0-a7aa-5a326100bf5f}</UniqueIdentifier>
    </Filter>
    <Filter Include="Yunu3DGIAdapter\YunuGICameraAdapter">
      <UniqueIdentifier>{cd259ff0-d864-4ab9-b58a-e658fc3d95d4}</UniqueIdentifier>
    </Filter>
    <Filter Include="Yunu3DGIAdapter\YunuGIFactoryAdapter">
      <UniqueIdentifier>{8b1fdd71-6cd1-4063-8d2b-c370143a9c4f}</UniqueIdentifier>
    </Filter>
    <Filter Include="Yunu3DGIAdapter\YunuGIStaticMeshAdapter">
      <UniqueIdentifier>{5bac169d-4225-4c81-9458-cf03c874dca9}</UniqueIdentifier>
    </Filter>
    <Filter Include="Manager">
      <UniqueIdentifier>{8d890dcc-586c-4a70-b4fd-18652ddc1aa0}</UniqueIdentifier>
    </Filter>
    <Filter Include="Singleton">
      <UniqueIdentifier>{6ac12bce-0cc9-4634-ba06-c01f2eda60dc}</UniqueIdentifier>
    </Filter>
    <Filter Include="Manager\DataStruct">
      <UniqueIdentifier>{f6185093-44a3-4a97-9934-3946409dc5b9}</UniqueIdentifier>
    </Filter>
    <Filter Include="Objects\MeshObject\DebugObject">
      <UniqueIdentifier>{595c9d70-ba9d-4b22-a156-84ca2d10937d}</UniqueIdentifier>
    </Filter>
    <Filter Include="Objects\MeshObject\DebugObject\DebugSphere">
      <UniqueIdentifier>{1510d56d-302a-479c-8a11-be76e02c4c02}</UniqueIdentifier>
    </Filter>
    <Filter Include="Objects\MeshObject\DebugObject\DebugCube">
      <UniqueIdentifier>{913ceb01-211d-4200-901b-f69643d1f1b7}</UniqueIdentifier>
    </Filter>
    <Filter Include="Objects\MeshObject\StaticMesh\FBXLoaderTest">
      <UniqueIdentifier>{488cd855-cf72-4dcb-a87d-29ab8c6ca27c}</UniqueIdentifier>
    </Filter>
    <Filter Include="Yunu3DGIAdapter\YunuGIDebugSphereAdapter">
      <UniqueIdentifier>{ca748453-456e-4edd-b98e-b2856eba5456}</UniqueIdentifier>
    </Filter>
    <Filter Include="Yunu3DGIAdapter\YunuGIDebugCubeAdapter">
      <UniqueIdentifier>{a7ba7f35-ae42-4fc4-9dea-b3de97871f76}</UniqueIdentifier>
    </Filter>
    <Filter Include="Manager\DataStruct\Animation">
      <UniqueIdentifier>{5cd750a7-550b-4c4d-a4c9-e2ae58473323}</UniqueIdentifier>
    </Filter>
    <Filter Include="Manager\DataStruct\MeshData">
      <UniqueIdentifier>{b4c1bf8f-6f3c-4198-8d56-c97d33117913}</UniqueIdentifier>
    </Filter>
    <Filter Include="Manager\DataStruct\Skeleton">
      <UniqueIdentifier>{803bef12-f294-4e06-aa3e-4bb08c4a8714}</UniqueIdentifier>
    </Filter>
    <Filter Include="Yunu3DGIAdapter\YunuGIEventHandlerAdapter">
      <UniqueIdentifier>{e5cbc83f-2f28-4c57-9233-21177ce049cf}</UniqueIdentifier>
    </Filter>
    <Filter Include="Math\header">
      <UniqueIdentifier>{5ab0f13e-43e8-4233-bede-9012861dbf01}</UniqueIdentifier>
    </Filter>
    <Filter Include="Math\source">
      <UniqueIdentifier>{5aa19f90-984b-4d10-8fe1-a3fc92db5c0a}</UniqueIdentifier>
    </Filter>
    <Filter Include="Util\etc">
      <UniqueIdentifier>{8df37b81-952b-4903-97c3-f24bb2338974}</UniqueIdentifier>
    </Filter>
    <Filter Include="Yunu3DGIAdapter\YunuGIUnknownAdapter">
      <UniqueIdentifier>{3b11c370-6836-4e21-9385-d06cd22dc632}</UniqueIdentifier>
    </Filter>
    <Filter Include="Yunu3DGIAdapter\YunuGIRenderableAdapter">
      <UniqueIdentifier>{c3da543a-3384-4772-8534-6181c0429278}</UniqueIdentifier>
    </Filter>
    <Filter Include="Util\MZUitility">
      <UniqueIdentifier>{ce5d558b-cb81-4ae9-9e72-baa44adaa6c4}</UniqueIdentifier>
    </Filter>
    <Filter Include="DeferredRenderer">
      <UniqueIdentifier>{3b65331d-06af-46ef-97d7-c908f22b58ef}</UniqueIdentifier>
    </Filter>
    <Filter Include="DXTK">
      <UniqueIdentifier>{35695bbe-71a5-4ceb-8809-165818c61125}</UniqueIdentifier>
    </Filter>
    <Filter Include="Rendererer">
      <UniqueIdentifier>{ee0fff82-2706-4edc-b5e6-c245a479728a}</UniqueIdentifier>
    </Filter>
    <Filter Include="Objects\UI">
      <UniqueIdentifier>{7352261d-b129-4202-82b8-03e336852a66}</UniqueIdentifier>
    </Filter>
    <Filter Include="Yunu3DGIAdapter\YunuGIUIAdapter">
      <UniqueIdentifier>{69b68012-ad43-4bed-a88a-c7731e4cee82}</UniqueIdentifier>
    </Filter>
    <Filter Include="Yunu3DGIAdapter\YunuGIResourceManagerAdapter">
      <UniqueIdentifier>{52d50412-d5df-40f2-9dfe-17f46d2df3a2}</UniqueIdentifier>
    </Filter>
    <Filter Include="Yunu3DGIAdapter\YunuGISkinnedMeshAdapter">
      <UniqueIdentifier>{bd2af92e-82d1-4023-a71f-dd5a86516868}</UniqueIdentifier>
    </Filter>
  </ItemGroup>
  <ItemGroup>
    <ClInclude Include="MZDX11Renderer.h">
      <Filter>Rendererer</Filter>
    </ClInclude>
    <ClInclude Include="MZCamera.h">
      <Filter>Objects\Camera</Filter>
    </ClInclude>
    <ClInclude Include="Grid.h">
      <Filter>Objects\HelperObject</Filter>
    </ClInclude>
    <ClInclude Include="GridBuilder.h">
      <Filter>Builder</Filter>
    </ClInclude>
    <ClInclude Include="IBuilder.h">
      <Filter>Builder</Filter>
    </ClInclude>
    <ClInclude Include="IFactory.h">
      <Filter>Factory</Filter>
    </ClInclude>
    <ClInclude Include="Vertex.h">
      <Filter>Header</Filter>
    </ClInclude>
    <ClInclude Include="Effects.h">
      <Filter>Util\HeaderFile</Filter>
    </ClInclude>
    <ClInclude Include="InputLayouts.h">
      <Filter>Util\HeaderFile</Filter>
    </ClInclude>
    <ClInclude Include="resource.h" />
    <ClInclude Include="LightHelper.h">
      <Filter>Util\HeaderFile</Filter>
    </ClInclude>
    <ClInclude Include="TextureBox.h">
      <Filter>Objects\HelperObject</Filter>
    </ClInclude>
    <ClInclude Include="IRenderableObject.h">
      <Filter>Objects\Interface</Filter>
    </ClInclude>
    <ClInclude Include="Genji.h">
      <Filter>Objects\MeshObject\StaticMesh</Filter>
    </ClInclude>
    <ClInclude Include="Pig.h">
      <Filter>Objects\MeshObject\SkinnedMesh</Filter>
    </ClInclude>
    <ClInclude Include="CAnimation.h">
      <Filter>Animation</Filter>
    </ClInclude>
    <ClInclude Include="Yunu3DRendererAdapter.h">
      <Filter>Yunu3DGIAdapter\Yunu3DRendererAdapter</Filter>
    </ClInclude>
    <ClInclude Include="Yunu3DFactoryAdapter.h">
      <Filter>Yunu3DGIAdapter\YunuGIFactoryAdapter</Filter>
    </ClInclude>
    <ClInclude Include="Yunu3DCameraAdapter.h">
      <Filter>Yunu3DGIAdapter\YunuGICameraAdapter</Filter>
    </ClInclude>
    <ClInclude Include="I3DRenderer.h">
      <Filter>Rendererer</Filter>
    </ClInclude>
    <ClInclude Include="ResourceManager.h">
      <Filter>Manager</Filter>
    </ClInclude>
    <ClInclude Include="LazyObjects.h">
      <Filter>Singleton</Filter>
    </ClInclude>
    <ClInclude Include="SkinnedMesh.h">
      <Filter>Objects\MeshObject\SkinnedMesh</Filter>
    </ClInclude>
    <ClInclude Include="Node.h">
      <Filter>Objects\MeshObject\SkinnedMesh</Filter>
    </ClInclude>
    <ClInclude Include="StaticMesh.h">
      <Filter>Objects\MeshObject\StaticMesh</Filter>
    </ClInclude>
    <ClInclude Include="Fox.h">
      <Filter>Objects\MeshObject\StaticMesh\FBXLoaderTest</Filter>
    </ClInclude>
    <ClInclude Include="YunuGIDebugCubeAdapter.h">
      <Filter>Yunu3DGIAdapter\YunuGIDebugCubeAdapter</Filter>
    </ClInclude>
    <ClInclude Include="YunuGIDebugSphereAdapter.h">
      <Filter>Yunu3DGIAdapter\YunuGIDebugSphereAdapter</Filter>
    </ClInclude>
    <ClInclude Include="MeshData.h">
      <Filter>Manager\DataStruct\MeshData</Filter>
    </ClInclude>
    <ClInclude Include="YunuAnimation.h">
      <Filter>Manager\DataStruct\Animation</Filter>
    </ClInclude>
    <ClInclude Include="Skeleton.h">
      <Filter>Manager\DataStruct\Skeleton</Filter>
    </ClInclude>
    <ClInclude Include="YunuGIEventHandlerAdapter.h">
      <Filter>Yunu3DGIAdapter\YunuGIEventHandlerAdapter</Filter>
    </ClInclude>
    <ClInclude Include="mathConversion.h">
      <Filter>Math\header</Filter>
    </ClInclude>
    <ClInclude Include="MathHelper.h">
      <Filter>Math\header</Filter>
    </ClInclude>
    <ClInclude Include="xnacollision.h">
      <Filter>Math\header</Filter>
    </ClInclude>
    <ClInclude Include="xnamath.h">
      <Filter>Math\header</Filter>
    </ClInclude>
    <ClInclude Include="YunuGIUnknownAdapter.h">
      <Filter>Yunu3DGIAdapter\YunuGIUnknownAdapter</Filter>
    </ClInclude>
    <ClInclude Include="GeometryGenerator.h">
      <Filter>Util\HeaderFile</Filter>
    </ClInclude>
    <ClInclude Include="YunuGIRenderableAdapter.h">
      <Filter>Yunu3DGIAdapter\YunuGIRenderableAdapter</Filter>
    </ClInclude>
    <ClInclude Include="YunuGIStaticMeshAdapter.h">
      <Filter>Yunu3DGIAdapter\YunuGIStaticMeshAdapter</Filter>
    </ClInclude>
    <ClInclude Include="MZUtility.h">
      <Filter>Util\MZUitility</Filter>
    </ClInclude>
    <ClInclude Include="YunuAnimInstance.h" />
    <ClInclude Include="DeferredBuffers.h">
      <Filter>DeferredRenderer</Filter>
    </ClInclude>
    <ClInclude Include="DeferredRenderer.h">
      <Filter>DeferredRenderer</Filter>
    </ClInclude>
    <ClInclude Include="DXTKFont.h">
      <Filter>DXTK</Filter>
    </ClInclude>
    <ClInclude Include="RasterizerState.h">
      <Filter>Util\HeaderFile</Filter>
    </ClInclude>
    <ClInclude Include="DDSTextureLoader.h">
      <Filter>Util\HeaderFile</Filter>
    </ClInclude>
    <ClInclude Include="DX11Define.h">
      <Filter>Header</Filter>
    </ClInclude>
    <ClInclude Include="d3dx11effect.h">
      <Filter>Header</Filter>
    </ClInclude>
    <ClInclude Include="Box.h">
      <Filter>Objects\MeshObject\StaticMesh\FBXLoaderTest</Filter>
    </ClInclude>
    <ClInclude Include="Axis.h">
      <Filter>Objects\HelperObject</Filter>
    </ClInclude>
    <ClInclude Include="DebugCube.h">
      <Filter>Objects\MeshObject\DebugObject\DebugCube</Filter>
    </ClInclude>
    <ClInclude Include="UIImage.h">
      <Filter>Objects\UI</Filter>
    </ClInclude>
    <ClInclude Include="IUIObject.h">
      <Filter>Objects\Interface</Filter>
    </ClInclude>
    <ClInclude Include="IMeshObject.h">
      <Filter>Objects\Interface</Filter>
    </ClInclude>
    <ClInclude Include="IDebugObject.h">
      <Filter>Objects\Interface</Filter>
    </ClInclude>
    <ClInclude Include="YunuGIUIImageAdapter.h">
      <Filter>Yunu3DGIAdapter\YunuGIUIAdapter</Filter>
    </ClInclude>
    <ClInclude Include="UIText.h">
      <Filter>Objects\UI</Filter>
    </ClInclude>
    <ClInclude Include="YunuGIUITextAdapter.h">
      <Filter>Yunu3DGIAdapter\YunuGIUIAdapter</Filter>
    </ClInclude>
    <ClInclude Include="YunuGIResourceManagerAdapter.h">
      <Filter>Yunu3DGIAdapter\YunuGIResourceManagerAdapter</Filter>
    </ClInclude>
    <ClInclude Include="YunuGISkinnedMeshAdapter.h">
      <Filter>Yunu3DGIAdapter\YunuGISkinnedMeshAdapter</Filter>
    </ClInclude>
  </ItemGroup>
  <ItemGroup>
    <ClCompile Include="MZDX11Renderer.cpp">
      <Filter>Rendererer</Filter>
    </ClCompile>
    <ClCompile Include="MZCamera.cpp">
      <Filter>Objects\Camera</Filter>
    </ClCompile>
    <ClCompile Include="Grid.cpp">
      <Filter>Objects\HelperObject</Filter>
    </ClCompile>
    <ClCompile Include="GridBuilder.cpp">
      <Filter>Builder</Filter>
    </ClCompile>
    <ClCompile Include="Effects.cpp">
      <Filter>Util\SourceFile</Filter>
    </ClCompile>
    <ClCompile Include="InputLayouts.cpp">
      <Filter>Util\SourceFile</Filter>
    </ClCompile>
    <ClCompile Include="TextureBox.cpp">
      <Filter>Objects\HelperObject</Filter>
    </ClCompile>
    <ClCompile Include="Genji.cpp">
      <Filter>Objects\MeshObject\StaticMesh</Filter>
    </ClCompile>
    <ClCompile Include="Pig.cpp">
      <Filter>Objects\MeshObject\SkinnedMesh</Filter>
    </ClCompile>
    <ClCompile Include="CAnimation.cpp">
      <Filter>Animation</Filter>
    </ClCompile>
    <ClCompile Include="ResourceManager.cpp">
      <Filter>Manager</Filter>
    </ClCompile>
    <ClCompile Include="SkinnedMesh.cpp">
      <Filter>Objects\MeshObject\SkinnedMesh</Filter>
    </ClCompile>
    <ClCompile Include="Node.cpp">
      <Filter>Objects\MeshObject\SkinnedMesh</Filter>
    </ClCompile>
    <ClCompile Include="StaticMesh.cpp">
      <Filter>Objects\MeshObject\StaticMesh</Filter>
    </ClCompile>
    <ClCompile Include="Fox.cpp">
      <Filter>Objects\MeshObject\StaticMesh\FBXLoaderTest</Filter>
    </ClCompile>
    <ClCompile Include="MeshData.cpp">
      <Filter>Manager\DataStruct\MeshData</Filter>
    </ClCompile>
    <ClCompile Include="MathHelper.cpp">
      <Filter>Math\source</Filter>
    </ClCompile>
    <ClCompile Include="xnacollision.cpp">
      <Filter>Math\source</Filter>
    </ClCompile>
    <ClCompile Include="GeometryGenerator.cpp">
      <Filter>Util\SourceFile</Filter>
    </ClCompile>
    <ClCompile Include="Yunu3DGIExports.cpp">
      <Filter>Yunu3DGIAdapter</Filter>
    </ClCompile>
    <ClCompile Include="YunuGIRenderableAdapter.cpp">
      <Filter>Yunu3DGIAdapter\YunuGIRenderableAdapter</Filter>
    </ClCompile>
    <ClCompile Include="YunuAnimInstance.cpp" />
    <ClCompile Include="DeferredBuffers.cpp">
      <Filter>DeferredRenderer</Filter>
    </ClCompile>
    <ClCompile Include="DeferredRenderer.cpp">
      <Filter>DeferredRenderer</Filter>
    </ClCompile>
    <ClCompile Include="DXTKFont.cpp">
      <Filter>DXTK</Filter>
    </ClCompile>
    <ClCompile Include="RasterizerState.cpp">
      <Filter>Util\SourceFile</Filter>
    </ClCompile>
    <ClCompile Include="DDSTextureLoader.cpp">
      <Filter>Util\SourceFile</Filter>
    </ClCompile>
    <ClCompile Include="Box.cpp">
      <Filter>Objects\MeshObject\StaticMesh\FBXLoaderTest</Filter>
    </ClCompile>
    <ClCompile Include="DebugCube.cpp">
      <Filter>Objects\MeshObject\DebugObject\DebugCube</Filter>
    </ClCompile>
    <ClCompile Include="Axis.cpp">
      <Filter>Objects\HelperObject</Filter>
    </ClCompile>
    <ClCompile Include="UIImage.cpp">
      <Filter>Objects\UI</Filter>
    </ClCompile>
    <ClCompile Include="IMeshObject.cpp">
      <Filter>Objects\Interface</Filter>
    </ClCompile>
    <ClCompile Include="IUIObject.cpp">
      <Filter>Objects\Interface</Filter>
    </ClCompile>
    <ClCompile Include="IDebugObject.cpp">
      <Filter>Objects\Interface</Filter>
    </ClCompile>
    <ClCompile Include="UIText.cpp">
      <Filter>Objects\UI</Filter>
    </ClCompile>
  </ItemGroup>
  <ItemGroup>
    <FxCompile Include="wire.fx">
      <Filter>Shader</Filter>
    </FxCompile>
    <FxCompile Include="LightHelper.fx">
      <Filter>Shader</Filter>
    </FxCompile>
    <FxCompile Include="SkinnedMeshDeferred.fx">
      <Filter>Shader</Filter>
    </FxCompile>
    <FxCompile Include="Sky.fx">
      <Filter>Shader</Filter>
    </FxCompile>
    <FxCompile Include="StaticMeshDeferred.fx">
      <Filter>Shader</Filter>
    </FxCompile>
    <FxCompile Include="YunuSkinnedMeshDeferred.fx">
      <Filter>Shader</Filter>
    </FxCompile>
    <FxCompile Include="PBR.fx">
      <Filter>Shader</Filter>
    </FxCompile>
    <FxCompile Include="PBRLightHelper.fx">
      <Filter>Shader</Filter>
    </FxCompile>
    <FxCompile Include="Basic.fx">
      <Filter>Shader</Filter>
    </FxCompile>
    <FxCompile Include="BasicTex.fx">
      <Filter>Shader</Filter>
    </FxCompile>
    <FxCompile Include="color.fx">
      <Filter>Shader</Filter>
    </FxCompile>
    <FxCompile Include="ComputeLight.fx">
      <Filter>Shader</Filter>
    </FxCompile>
    <FxCompile Include="DebugObject.fx">
      <Filter>Shader</Filter>
    </FxCompile>
    <FxCompile Include="UIObject.fx">
      <Filter>Shader</Filter>
    </FxCompile>
  </ItemGroup>
  <ItemGroup>
    <None Include="xnamathvector.inl">
      <Filter>Util\etc</Filter>
    </None>
  </ItemGroup>
  <ItemGroup>
    <ResourceCompile Include="MZDX11Renderer.rc">
      <Filter>Rendererer</Filter>
    </ResourceCompile>
  </ItemGroup>
</Project>